
Microsoft Visual Studio Solution File, Format Version 12.00
# Visual Studio Version 17
VisualStudioVersion = 17.2.32519.379
MinimumVisualStudioVersion = 10.0.40219.1
Project("{FAE04EC0-301F-11D3-BF4B-00C04F79EFBC}") = "UnitTest.APP", "UnitTest.APP\UnitTest.APP.csproj", "{35DA18F7-112D-4671-B52A-9F3EEFF5F034}"
EndProject
Global
	GlobalSection(SolutionConfigurationPlatforms) = preSolution
		Debug|Any CPU = Debug|Any CPU
		Release|Any CPU = Release|Any CPU
	EndGlobalSection
	GlobalSection(ProjectConfigurationPlatforms) = postSolution
		{35DA18F7-112D-4671-B52A-9F3EEFF5F034}.Debug|Any CPU.ActiveCfg = Debug|Any CPU
		{35DA18F7-112D-4671-B52A-9F3EEFF5F034}.Debug|Any CPU.Build.0 = Debug|Any CPU
		{35DA18F7-112D-4671-B52A-9F3EEFF5F034}.Release|Any CPU.ActiveCfg = Release|Any CPU
		{35DA18F7-112D-4671-B52A-9F3EEFF5F034}.Release|Any CPU.Build.0 = Release|Any CPU
	EndGlobalSection
	GlobalSection(SolutionProperties) = preSolution
		HideSolutionNode = FALSE
	EndGlobalSection
	GlobalSection(ExtensibilityGlobals) = postSolution
		SolutionGuid = {13C26364-6506-4105-B0CE-4C6B83475DE2}
	EndGlobalSection
EndGlobal
